
Microsoft Visual Studio Solution File, Format Version 12.00
# Visual Studio Version 17
VisualStudioVersion = 17.11.35312.102
MinimumVisualStudioVersion = 10.0.40219.1
Project("{FAE04EC0-301F-11D3-BF4B-00C04F79EFBC}") = "bt3vn", "bt3vn\bt3vn.csproj", "{E3C63288-8A33-4097-A3E4-56E978956282}"
EndProject
Global
	GlobalSection(SolutionConfigurationPlatforms) = preSolution
		Debug|Any CPU = Debug|Any CPU
		Release|Any CPU = Release|Any CPU
	EndGlobalSection
	GlobalSection(ProjectConfigurationPlatforms) = postSolution
		{E3C63288-8A33-4097-A3E4-56E978956282}.Debug|Any CPU.ActiveCfg = Debug|Any CPU
		{E3C63288-8A33-4097-A3E4-56E978956282}.Debug|Any CPU.Build.0 = Debug|Any CPU
		{E3C63288-8A33-4097-A3E4-56E978956282}.Release|Any CPU.ActiveCfg = Release|Any CPU
		{E3C63288-8A33-4097-A3E4-56E978956282}.Release|Any CPU.Build.0 = Release|Any CPU
	EndGlobalSection
	GlobalSection(SolutionProperties) = preSolution
		HideSolutionNode = FALSE
	EndGlobalSection
	GlobalSection(ExtensibilityGlobals) = postSolution
		SolutionGuid = {2FF87AF1-53A9-4245-9632-612521580C28}
	EndGlobalSection
EndGlobal
